
Microsoft Visual Studio Solution File, Format Version 12.00
# Visual Studio 15
VisualStudioVersion = 15.0.26730.10
MinimumVisualStudioVersion = 10.0.40219.1
Project("{8BC9CEB8-8B4A-11D0-8D11-00A0C91BC942}") = "VisibleSurfaceDetection", "VisibleSurfaceDetection\VisibleSurfaceDetection.vcxproj", "{24ED0C56-514A-413F-A256-842D66F3CE65}"
EndProject
Global
	GlobalSection(SolutionConfigurationPlatforms) = preSolution
		Debug|x64 = Debug|x64
		Debug|x86 = Debug|x86
		Release|x64 = Release|x64
		Release|x86 = Release|x86
	EndGlobalSection
	GlobalSection(ProjectConfigurationPlatforms) = postSolution
		{24ED0C56-514A-413F-A256-842D66F3CE65}.Debug|x64.ActiveCfg = Debug|x64
		{24ED0C56-514A-413F-A256-842D66F3CE65}.Debug|x64.Build.0 = Debug|x64
		{24ED0C56-514A-413F-A256-842D66F3CE65}.Debug|x86.ActiveCfg = Debug|Win32
		{24ED0C56-514A-413F-A256-842D66F3CE65}.Debug|x86.Build.0 = Debug|Win32
		{24ED0C56-514A-413F-A256-842D66F3CE65}.Release|x64.ActiveCfg = Release|x64
		{24ED0C56-514A-413F-A256-842D66F3CE65}.Release|x64.Build.0 = Release|x64
		{24ED0C56-514A-413F-A256-842D66F3CE65}.Release|x86.ActiveCfg = Release|Win32
		{24ED0C56-514A-413F-A256-842D66F3CE65}.Release|x86.Build.0 = Release|Win32
	EndGlobalSection
	GlobalSection(SolutionProperties) = preSolution
		HideSolutionNode = FALSE
	EndGlobalSection
	GlobalSection(ExtensibilityGlobals) = postSolution
		SolutionGuid = {C9BF3BB8-5F8B-472D-8BC3-D785CF9CB429}
	EndGlobalSection
EndGlobal
